
Microsoft Visual Studio Solution File, Format Version 12.00
# Visual Studio Version 17
VisualStudioVersion = 17.7.34009.444
MinimumVisualStudioVersion = 10.0.40219.1
Project("{FAE04EC0-301F-11D3-BF4B-00C04F79EFBC}") = "Backend", "Backend\Backend.csproj", "{013761C1-B4BD-4EB2-92DC-2AE19E692C5E}"
EndProject
Global
	GlobalSection(SolutionConfigurationPlatforms) = preSolution
		Debug|Any CPU = Debug|Any CPU
		Release|Any CPU = Release|Any CPU
	EndGlobalSection
	GlobalSection(ProjectConfigurationPlatforms) = postSolution
		{013761C1-B4BD-4EB2-92DC-2AE19E692C5E}.Debug|Any CPU.ActiveCfg = Debug|Any CPU
		{013761C1-B4BD-4EB2-92DC-2AE19E692C5E}.Debug|Any CPU.Build.0 = Debug|Any CPU
		{013761C1-B4BD-4EB2-92DC-2AE19E692C5E}.Release|Any CPU.ActiveCfg = Release|Any CPU
		{013761C1-B4BD-4EB2-92DC-2AE19E692C5E}.Release|Any CPU.Build.0 = Release|Any CPU
	EndGlobalSection
	GlobalSection(SolutionProperties) = preSolution
		HideSolutionNode = FALSE
	EndGlobalSection
	GlobalSection(ExtensibilityGlobals) = postSolution
		SolutionGuid = {403364F3-9B31-49E0-9746-F76F5941025C}
	EndGlobalSection
EndGlobal
